
Microsoft Visual Studio Solution File, Format Version 12.00
# Visual Studio Version 16
VisualStudioVersion = 16.0.30503.244
MinimumVisualStudioVersion = 10.0.40219.1
Project("{9A19103F-16F7-4668-BE54-9A1E7A4F7556}") = "HelloWorld", "HelloWorld.csproj", "{4CDC7195-520B-4F76-9F9A-6FB8CE5B0676}"
EndProject
Global
	GlobalSection(SolutionConfigurationPlatforms) = preSolution
		Debug|Any CPU = Debug|Any CPU
		Release|Any CPU = Release|Any CPU
	EndGlobalSection
	GlobalSection(ProjectConfigurationPlatforms) = postSolution
		{4CDC7195-520B-4F76-9F9A-6FB8CE5B0676}.Debug|Any CPU.ActiveCfg = Debug|Any CPU
		{4CDC7195-520B-4F76-9F9A-6FB8CE5B0676}.Debug|Any CPU.Build.0 = Debug|Any CPU
		{4CDC7195-520B-4F76-9F9A-6FB8CE5B0676}.Release|Any CPU.ActiveCfg = Release|Any CPU
		{4CDC7195-520B-4F76-9F9A-6FB8CE5B0676}.Release|Any CPU.Build.0 = Release|Any CPU
	EndGlobalSection
	GlobalSection(SolutionProperties) = preSolution
		HideSolutionNode = FALSE
	EndGlobalSection
	GlobalSection(ExtensibilityGlobals) = postSolution
		SolutionGuid = {CC33E965-D8D4-42CC-88D3-C43C75629EE5}
	EndGlobalSection
EndGlobal
